
Microsoft Visual Studio Solution File, Format Version 12.00
# Visual Studio 15
VisualStudioVersion = 15.0.28307.960
MinimumVisualStudioVersion = 10.0.40219.1
Project("{FAE04EC0-301F-11D3-BF4B-00C04F79EFBC}") = "MateuszBartkowiakHomework6", "MateuszBartkowiakHomework6\MateuszBartkowiakHomework6.csproj", "{2BDD0384-3983-4EF7-BE38-F25A6DCE8DB8}"
EndProject
Global
	GlobalSection(SolutionConfigurationPlatforms) = preSolution
		Debug|Any CPU = Debug|Any CPU
		Release|Any CPU = Release|Any CPU
	EndGlobalSection
	GlobalSection(ProjectConfigurationPlatforms) = postSolution
		{2BDD0384-3983-4EF7-BE38-F25A6DCE8DB8}.Debug|Any CPU.ActiveCfg = Debug|Any CPU
		{2BDD0384-3983-4EF7-BE38-F25A6DCE8DB8}.Debug|Any CPU.Build.0 = Debug|Any CPU
		{2BDD0384-3983-4EF7-BE38-F25A6DCE8DB8}.Release|Any CPU.ActiveCfg = Release|Any CPU
		{2BDD0384-3983-4EF7-BE38-F25A6DCE8DB8}.Release|Any CPU.Build.0 = Release|Any CPU
	EndGlobalSection
	GlobalSection(SolutionProperties) = preSolution
		HideSolutionNode = FALSE
	EndGlobalSection
	GlobalSection(ExtensibilityGlobals) = postSolution
		SolutionGuid = {9DD12895-4851-4B10-9C6F-873FEEAD1FDB}
	EndGlobalSection
EndGlobal
